{
  "name": "jobpost-generator",
  "lockfileVersion": 3,
  "requires": true,
  "packages": {
    "": {
      "dependencies": {
        "class-variance-authority": "^0.7.1",
        "lucide-react": "^0.525.0",
        "react": "^19.1.0",
        "react-dom": "^19.1.0",
        "tailwind-variants": "^1.0.0"
      }
    },
    "node_modules/class-variance-authority": {
      "version": "0.7.1",
      "resolved": "https://registry.npmjs.org/class-variance-authority/-/class-variance-authority-0.7.1.tgz",
      "integrity": "sha512-Ka+9Trutv7G8M6WT6SeiRWz792K5qEqIGEGzXKhAE6xOWAY6pPH8U+9IY3oCMv6kqTmLsv7Xh/2w2RigkePMsg==",
      "dependencies": {
        "clsx": "^2.1.1"
      },
      "funding": {
        "url": "https://polar.sh/cva"
      }
    },
    "node_modules/clsx": {
      "version": "2.1.1",
      "resolved": "https://registry.npmjs.org/clsx/-/clsx-2.1.1.tgz",
      "integrity": "sha512-eYm0QWBtUrBWZWG0d386OGAw16Z995PiOVo2B7bjWSbHedGl5e0ZWaq65kOGgUSNesEIDkB9ISbTg/JK9dhCZA==",
      "engines": {
        "node": ">=6"
      }
    },
    "node_modules/lucide-react": {
      "version": "0.525.0",
      "resolved": "https://registry.npmjs.org/lucide-react/-/lucide-react-0.525.0.tgz",
      "integrity": "sha512-Tm1txJ2OkymCGkvwoHt33Y2JpN5xucVq1slHcgE6Lk0WjDfjgKWor5CdVER8U6DvcfMwh4M8XxmpTiyzfmfDYQ==",
      "peerDependencies": {
        "react": "^16.5.1 || ^17.0.0 || ^18.0.0 || ^19.0.0"
      }
    },
    "node_modules/react": {
      "version": "19.1.0",
      "resolved": "https://registry.npmjs.org/react/-/react-19.1.0.tgz",
      "integrity": "sha512-FS+XFBNvn3GTAWq26joslQgWNoFu08F4kl0J4CgdNKADkdSGXQyTCnKteIAJy96Br6YbpEU1LSzV5dYtjMkMDg==",
      "engines": {
        "node": ">=0.10.0"
      }
    },
    "node_modules/react-dom": {
      "version": "19.1.0",
      "resolved": "https://registry.npmjs.org/react-dom/-/react-dom-19.1.0.tgz",
      "integrity": "sha512-Xs1hdnE+DyKgeHJeJznQmYMIBG3TKIHJJT95Q58nHLSrElKlGQqDTR2HQ9fx5CN/Gk6Vh/kupBTDLU11/nDk/g==",
      "dependencies": {
        "scheduler": "^0.26.0"
      },
      "peerDependencies": {
        "react": "^19.1.0"
      }
    },
    "node_modules/scheduler": {
      "version": "0.26.0",
      "resolved": "https://registry.npmjs.org/scheduler/-/scheduler-0.26.0.tgz",
      "integrity": "sha512-NlHwttCI/l5gCPR3D1nNXtWABUmBwvZpEQiD4IXSbIDq8BzLIK/7Ir5gTFSGZDUu37K5cMNp0hFtzO38sC7gWA=="
    },
    "node_modules/tailwind-merge": {
      "version": "3.0.2",
      "resolved": "https://registry.npmjs.org/tailwind-merge/-/tailwind-merge-3.0.2.tgz",
      "integrity": "sha512-l7z+OYZ7mu3DTqrL88RiKrKIqO3NcpEO8V/Od04bNpvk0kiIFndGEoqfuzvj4yuhRkHKjRkII2z+KS2HfPcSxw==",
      "funding": {
        "type": "github",
        "url": "https://github.com/sponsors/dcastil"
      }
    },
    "node_modules/tailwind-variants": {
      "version": "1.0.0",
      "resolved": "https://registry.npmjs.org/tailwind-variants/-/tailwind-variants-1.0.0.tgz",
      "integrity": "sha512-2WSbv4ulEEyuBKomOunut65D8UZwxrHoRfYnxGcQNnHqlSCp2+B7Yz2W+yrNDrxRodOXtGD/1oCcKGNBnUqMqA==",
      "dependencies": {
        "tailwind-merge": "3.0.2"
      },
      "engines": {
        "node": ">=16.x",
        "pnpm": ">=7.x"
      },
      "peerDependencies": {
        "tailwindcss": "*"
      }
    },
    "node_modules/tailwindcss": {
      "version": "4.1.11",
      "resolved": "https://registry.npmjs.org/tailwindcss/-/tailwindcss-4.1.11.tgz",
      "integrity": "sha512-2E9TBm6MDD/xKYe+dvJZAmg3yxIEDNRc0jwlNyDg/4Fil2QcSLjFKGVff0lAf1jjeaArlG/M75Ey/EYr/OJtBA==",
      "peer": true
    }
  }
}
